
Microsoft Visual Studio Solution File, Format Version 11.00
# Visual Studio 2010
Project("{FAE04EC0-301F-11D3-BF4B-00C04F79EFBC}") = "GDNET.WebFramework", "Core\GDNET.WebFramework\GDNET.WebFramework.csproj", "{B6CFA561-1D38-4B17-A654-7E8DDA4E30AB}"
EndProject
Project("{FAE04EC0-301F-11D3-BF4B-00C04F79EFBC}") = "GDNET.Domain", "Core\GDNET.Domain\GDNET.Domain.csproj", "{5BCC7907-3BF7-4926-86E9-63B05C35E7E3}"
EndProject
Project("{FAE04EC0-301F-11D3-BF4B-00C04F79EFBC}") = "GDNET.NHibernate", "Core\GDNET.NHibernate\GDNET.NHibernate.csproj", "{CD582D2C-7AE0-4D4F-8A0B-0EB40A446AB7}"
EndProject
Project("{2150E333-8FDC-42A3-9474-1A3956D46DE8}") = "UnitTests", "UnitTests", "{5B57277A-2B13-4313-8BB6-FB0412A249E3}"
EndProject
Project("{FAE04EC0-301F-11D3-BF4B-00C04F79EFBC}") = "GDNET.Tests", "Tests\GDNET.Tests\GDNET.Tests.csproj", "{5CCAE21F-639B-4367-B906-53C08A6835B5}"
EndProject
Project("{FAE04EC0-301F-11D3-BF4B-00C04F79EFBC}") = "GDNET.Utils", "Core\GDNET.Utils\GDNET.Utils.csproj", "{132BB8B1-1578-4FE8-8E8E-52CE06C464FE}"
EndProject
Project("{FAE04EC0-301F-11D3-BF4B-00C04F79EFBC}") = "GDNET.Mapping", "Core\GDNET.Mapping\GDNET.Mapping.csproj", "{A76D2DB0-0AF7-4AEE-8EC8-77D44DBAE90A}"
EndProject
Project("{FAE04EC0-301F-11D3-BF4B-00C04F79EFBC}") = "GDNET.Data", "Core\GDNET.Data\GDNET.Data.csproj", "{3BFF9CA5-483A-490A-A446-A8EA1D64FCC5}"
EndProject
Project("{FAE04EC0-301F-11D3-BF4B-00C04F79EFBC}") = "GDNET.WebInfrastructure", "Core\GDNET.FrameworkInfrastructure\GDNET.WebInfrastructure.csproj", "{8DD4ABCD-BF2F-459C-8D12-01A89750E7F2}"
EndProject
Project("{FAE04EC0-301F-11D3-BF4B-00C04F79EFBC}") = "GDNET.Business", "Core\GDNET.Business\GDNET.Business.csproj", "{F28887AD-6D90-44D0-9DAD-83571CA49539}"
EndProject
Project("{2150E333-8FDC-42A3-9474-1A3956D46DE8}") = "App", "App", "{5F216708-4CDA-4C1A-AC45-DCF2FBD693A9}"
EndProject
Project("{FAE04EC0-301F-11D3-BF4B-00C04F79EFBC}") = "GDNET.DataGeneration", "Core\GDNET.DataGeneration\GDNET.DataGeneration.csproj", "{583D60DF-0CBA-48AE-AF01-991D8217DAB9}"
EndProject
Project("{FAE04EC0-301F-11D3-BF4B-00C04F79EFBC}") = "GDNET.Web", "Core\GDNET.Web\GDNET.Web.csproj", "{68AEDCB6-A54D-4591-9787-0372ACCC0FA1}"
EndProject
Project("{FAE04EC0-301F-11D3-BF4B-00C04F79EFBC}") = "GDNET.Base", "Core\GDNET.Base\GDNET.Base.csproj", "{BFDFA81D-B84D-4C5C-97D0-F62FE74B13C2}"
EndProject
Project("{FAE04EC0-301F-11D3-BF4B-00C04F79EFBC}") = "GDNET.AOP", "Core\GDNET.AOP\GDNET.AOP.csproj", "{F7052436-13B0-41EA-BB29-795A776B746E}"
EndProject
Project("{2150E333-8FDC-42A3-9474-1A3956D46DE8}") = "System", "System", "{266D1DA1-F5B1-42DA-BED9-67511923EDBF}"
EndProject
Project("{2150E333-8FDC-42A3-9474-1A3956D46DE8}") = "Domain", "Domain", "{0CC8CBCE-D85F-4B83-838C-196B7F35F0C4}"
EndProject
Project("{2150E333-8FDC-42A3-9474-1A3956D46DE8}") = "Web", "Web", "{4056C900-BC4E-4E43-8CF4-3C774BFF7478}"
EndProject
Project("{2150E333-8FDC-42A3-9474-1A3956D46DE8}") = "DataAssistant", "DataAssistant", "{94BDD5FA-F20A-4656-9950-460A98BDB210}"
EndProject
Project("{FAE04EC0-301F-11D3-BF4B-00C04F79EFBC}") = "GreatApp.Infrastructure", "App\GreatApp.Infrastructure\GreatApp.Infrastructure.csproj", "{FA6FF009-E5A8-4ACD-8DC2-6CAC58AC4ACA}"
EndProject
Project("{FAE04EC0-301F-11D3-BF4B-00C04F79EFBC}") = "GDNET.Framework", "Core\GDNET.Framework\GDNET.Framework.csproj", "{BF7096F3-9BB0-4CE7-B211-94F6AC675758}"
EndProject
Project("{FAE04EC0-301F-11D3-BF4B-00C04F79EFBC}") = "GreatApp.Data", "App\GreatApp.Data\GreatApp.Data.csproj", "{C1801154-23B8-4D93-B797-5F3BD0B719B1}"
EndProject
Project("{FAE04EC0-301F-11D3-BF4B-00C04F79EFBC}") = "GreatApp.Domain", "App\GreatApp.Domain\GreatApp.Domain.csproj", "{985334C9-FAFD-4735-AC1A-57DB51777670}"
EndProject
Project("{FAE04EC0-301F-11D3-BF4B-00C04F79EFBC}") = "GreatApp.Mapping", "App\GreatApp.Mapping\GreatApp.Mapping.csproj", "{5C76779D-2F46-4789-9C98-3B68A75DD720}"
EndProject
Project("{FAE04EC0-301F-11D3-BF4B-00C04F79EFBC}") = "GreatApp.Business", "App\GreatApp.Business\GreatApp.Business.csproj", "{7E99A634-E33D-4711-AE3E-2FCA4597B0D2}"
EndProject
Global
	GlobalSection(SolutionConfigurationPlatforms) = preSolution
		Debug|Any CPU = Debug|Any CPU
		Debug|Mixed Platforms = Debug|Mixed Platforms
		Debug|x86 = Debug|x86
		Release|Any CPU = Release|Any CPU
		Release|Mixed Platforms = Release|Mixed Platforms
		Release|x86 = Release|x86
	EndGlobalSection
	GlobalSection(ProjectConfigurationPlatforms) = postSolution
		{B6CFA561-1D38-4B17-A654-7E8DDA4E30AB}.Debug|Any CPU.ActiveCfg = Debug|Any CPU
		{B6CFA561-1D38-4B17-A654-7E8DDA4E30AB}.Debug|Any CPU.Build.0 = Debug|Any CPU
		{B6CFA561-1D38-4B17-A654-7E8DDA4E30AB}.Debug|Mixed Platforms.ActiveCfg = Debug|Any CPU
		{B6CFA561-1D38-4B17-A654-7E8DDA4E30AB}.Debug|Mixed Platforms.Build.0 = Debug|Any CPU
		{B6CFA561-1D38-4B17-A654-7E8DDA4E30AB}.Debug|x86.ActiveCfg = Debug|Any CPU
		{B6CFA561-1D38-4B17-A654-7E8DDA4E30AB}.Release|Any CPU.ActiveCfg = Release|Any CPU
		{B6CFA561-1D38-4B17-A654-7E8DDA4E30AB}.Release|Any CPU.Build.0 = Release|Any CPU
		{B6CFA561-1D38-4B17-A654-7E8DDA4E30AB}.Release|Mixed Platforms.ActiveCfg = Release|Any CPU
		{B6CFA561-1D38-4B17-A654-7E8DDA4E30AB}.Release|Mixed Platforms.Build.0 = Release|Any CPU
		{B6CFA561-1D38-4B17-A654-7E8DDA4E30AB}.Release|x86.ActiveCfg = Release|Any CPU
		{5BCC7907-3BF7-4926-86E9-63B05C35E7E3}.Debug|Any CPU.ActiveCfg = Debug|Any CPU
		{5BCC7907-3BF7-4926-86E9-63B05C35E7E3}.Debug|Any CPU.Build.0 = Debug|Any CPU
		{5BCC7907-3BF7-4926-86E9-63B05C35E7E3}.Debug|Mixed Platforms.ActiveCfg = Debug|Any CPU
		{5BCC7907-3BF7-4926-86E9-63B05C35E7E3}.Debug|Mixed Platforms.Build.0 = Debug|Any CPU
		{5BCC7907-3BF7-4926-86E9-63B05C35E7E3}.Debug|x86.ActiveCfg = Debug|Any CPU
		{5BCC7907-3BF7-4926-86E9-63B05C35E7E3}.Release|Any CPU.ActiveCfg = Release|Any CPU
		{5BCC7907-3BF7-4926-86E9-63B05C35E7E3}.Release|Any CPU.Build.0 = Release|Any CPU
		{5BCC7907-3BF7-4926-86E9-63B05C35E7E3}.Release|Mixed Platforms.ActiveCfg = Release|Any CPU
		{5BCC7907-3BF7-4926-86E9-63B05C35E7E3}.Release|Mixed Platforms.Build.0 = Release|Any CPU
		{5BCC7907-3BF7-4926-86E9-63B05C35E7E3}.Release|x86.ActiveCfg = Release|Any CPU
		{CD582D2C-7AE0-4D4F-8A0B-0EB40A446AB7}.Debug|Any CPU.ActiveCfg = Debug|Any CPU
		{CD582D2C-7AE0-4D4F-8A0B-0EB40A446AB7}.Debug|Any CPU.Build.0 = Debug|Any CPU
		{CD582D2C-7AE0-4D4F-8A0B-0EB40A446AB7}.Debug|Mixed Platforms.ActiveCfg = Debug|Any CPU
		{CD582D2C-7AE0-4D4F-8A0B-0EB40A446AB7}.Debug|Mixed Platforms.Build.0 = Debug|Any CPU
		{CD582D2C-7AE0-4D4F-8A0B-0EB40A446AB7}.Debug|x86.ActiveCfg = Debug|Any CPU
		{CD582D2C-7AE0-4D4F-8A0B-0EB40A446AB7}.Release|Any CPU.ActiveCfg = Release|Any CPU
		{CD582D2C-7AE0-4D4F-8A0B-0EB40A446AB7}.Release|Any CPU.Build.0 = Release|Any CPU
		{CD582D2C-7AE0-4D4F-8A0B-0EB40A446AB7}.Release|Mixed Platforms.ActiveCfg = Release|Any CPU
		{CD582D2C-7AE0-4D4F-8A0B-0EB40A446AB7}.Release|Mixed Platforms.Build.0 = Release|Any CPU
		{CD582D2C-7AE0-4D4F-8A0B-0EB40A446AB7}.Release|x86.ActiveCfg = Release|Any CPU
		{5CCAE21F-639B-4367-B906-53C08A6835B5}.Debug|Any CPU.ActiveCfg = Debug|Any CPU
		{5CCAE21F-639B-4367-B906-53C08A6835B5}.Debug|Any CPU.Build.0 = Debug|Any CPU
		{5CCAE21F-639B-4367-B906-53C08A6835B5}.Debug|Mixed Platforms.ActiveCfg = Debug|Any CPU
		{5CCAE21F-639B-4367-B906-53C08A6835B5}.Debug|Mixed Platforms.Build.0 = Debug|Any CPU
		{5CCAE21F-639B-4367-B906-53C08A6835B5}.Debug|x86.ActiveCfg = Debug|Any CPU
		{5CCAE21F-639B-4367-B906-53C08A6835B5}.Release|Any CPU.ActiveCfg = Release|Any CPU
		{5CCAE21F-639B-4367-B906-53C08A6835B5}.Release|Any CPU.Build.0 = Release|Any CPU
		{5CCAE21F-639B-4367-B906-53C08A6835B5}.Release|Mixed Platforms.ActiveCfg = Release|Any CPU
		{5CCAE21F-639B-4367-B906-53C08A6835B5}.Release|Mixed Platforms.Build.0 = Release|Any CPU
		{5CCAE21F-639B-4367-B906-53C08A6835B5}.Release|x86.ActiveCfg = Release|Any CPU
		{132BB8B1-1578-4FE8-8E8E-52CE06C464FE}.Debug|Any CPU.ActiveCfg = Debug|Any CPU
		{132BB8B1-1578-4FE8-8E8E-52CE06C464FE}.Debug|Any CPU.Build.0 = Debug|Any CPU
		{132BB8B1-1578-4FE8-8E8E-52CE06C464FE}.Debug|Mixed Platforms.ActiveCfg = Debug|Any CPU
		{132BB8B1-1578-4FE8-8E8E-52CE06C464FE}.Debug|Mixed Platforms.Build.0 = Debug|Any CPU
		{132BB8B1-1578-4FE8-8E8E-52CE06C464FE}.Debug|x86.ActiveCfg = Debug|Any CPU
		{132BB8B1-1578-4FE8-8E8E-52CE06C464FE}.Release|Any CPU.ActiveCfg = Release|Any CPU
		{132BB8B1-1578-4FE8-8E8E-52CE06C464FE}.Release|Any CPU.Build.0 = Release|Any CPU
		{132BB8B1-1578-4FE8-8E8E-52CE06C464FE}.Release|Mixed Platforms.ActiveCfg = Release|Any CPU
		{132BB8B1-1578-4FE8-8E8E-52CE06C464FE}.Release|Mixed Platforms.Build.0 = Release|Any CPU
		{132BB8B1-1578-4FE8-8E8E-52CE06C464FE}.Release|x86.ActiveCfg = Release|Any CPU
		{A76D2DB0-0AF7-4AEE-8EC8-77D44DBAE90A}.Debug|Any CPU.ActiveCfg = Debug|Any CPU
		{A76D2DB0-0AF7-4AEE-8EC8-77D44DBAE90A}.Debug|Any CPU.Build.0 = Debug|Any CPU
		{A76D2DB0-0AF7-4AEE-8EC8-77D44DBAE90A}.Debug|Mixed Platforms.ActiveCfg = Debug|Any CPU
		{A76D2DB0-0AF7-4AEE-8EC8-77D44DBAE90A}.Debug|Mixed Platforms.Build.0 = Debug|Any CPU
		{A76D2DB0-0AF7-4AEE-8EC8-77D44DBAE90A}.Debug|x86.ActiveCfg = Debug|Any CPU
		{A76D2DB0-0AF7-4AEE-8EC8-77D44DBAE90A}.Release|Any CPU.ActiveCfg = Release|Any CPU
		{A76D2DB0-0AF7-4AEE-8EC8-77D44DBAE90A}.Release|Any CPU.Build.0 = Release|Any CPU
		{A76D2DB0-0AF7-4AEE-8EC8-77D44DBAE90A}.Release|Mixed Platforms.ActiveCfg = Release|Any CPU
		{A76D2DB0-0AF7-4AEE-8EC8-77D44DBAE90A}.Release|Mixed Platforms.Build.0 = Release|Any CPU
		{A76D2DB0-0AF7-4AEE-8EC8-77D44DBAE90A}.Release|x86.ActiveCfg = Release|Any CPU
		{3BFF9CA5-483A-490A-A446-A8EA1D64FCC5}.Debug|Any CPU.ActiveCfg = Debug|Any CPU
		{3BFF9CA5-483A-490A-A446-A8EA1D64FCC5}.Debug|Any CPU.Build.0 = Debug|Any CPU
		{3BFF9CA5-483A-490A-A446-A8EA1D64FCC5}.Debug|Mixed Platforms.ActiveCfg = Debug|Any CPU
		{3BFF9CA5-483A-490A-A446-A8EA1D64FCC5}.Debug|Mixed Platforms.Build.0 = Debug|Any CPU
		{3BFF9CA5-483A-490A-A446-A8EA1D64FCC5}.Debug|x86.ActiveCfg = Debug|Any CPU
		{3BFF9CA5-483A-490A-A446-A8EA1D64FCC5}.Release|Any CPU.ActiveCfg = Release|Any CPU
		{3BFF9CA5-483A-490A-A446-A8EA1D64FCC5}.Release|Any CPU.Build.0 = Release|Any CPU
		{3BFF9CA5-483A-490A-A446-A8EA1D64FCC5}.Release|Mixed Platforms.ActiveCfg = Release|Any CPU
		{3BFF9CA5-483A-490A-A446-A8EA1D64FCC5}.Release|Mixed Platforms.Build.0 = Release|Any CPU
		{3BFF9CA5-483A-490A-A446-A8EA1D64FCC5}.Release|x86.ActiveCfg = Release|Any CPU
		{8DD4ABCD-BF2F-459C-8D12-01A89750E7F2}.Debug|Any CPU.ActiveCfg = Debug|Any CPU
		{8DD4ABCD-BF2F-459C-8D12-01A89750E7F2}.Debug|Any CPU.Build.0 = Debug|Any CPU
		{8DD4ABCD-BF2F-459C-8D12-01A89750E7F2}.Debug|Mixed Platforms.ActiveCfg = Debug|Any CPU
		{8DD4ABCD-BF2F-459C-8D12-01A89750E7F2}.Debug|Mixed Platforms.Build.0 = Debug|Any CPU
		{8DD4ABCD-BF2F-459C-8D12-01A89750E7F2}.Debug|x86.ActiveCfg = Debug|Any CPU
		{8DD4ABCD-BF2F-459C-8D12-01A89750E7F2}.Release|Any CPU.ActiveCfg = Release|Any CPU
		{8DD4ABCD-BF2F-459C-8D12-01A89750E7F2}.Release|Any CPU.Build.0 = Release|Any CPU
		{8DD4ABCD-BF2F-459C-8D12-01A89750E7F2}.Release|Mixed Platforms.ActiveCfg = Release|Any CPU
		{8DD4ABCD-BF2F-459C-8D12-01A89750E7F2}.Release|Mixed Platforms.Build.0 = Release|Any CPU
		{8DD4ABCD-BF2F-459C-8D12-01A89750E7F2}.Release|x86.ActiveCfg = Release|Any CPU
		{F28887AD-6D90-44D0-9DAD-83571CA49539}.Debug|Any CPU.ActiveCfg = Debug|Any CPU
		{F28887AD-6D90-44D0-9DAD-83571CA49539}.Debug|Any CPU.Build.0 = Debug|Any CPU
		{F28887AD-6D90-44D0-9DAD-83571CA49539}.Debug|Mixed Platforms.ActiveCfg = Debug|Any CPU
		{F28887AD-6D90-44D0-9DAD-83571CA49539}.Debug|Mixed Platforms.Build.0 = Debug|Any CPU
		{F28887AD-6D90-44D0-9DAD-83571CA49539}.Debug|x86.ActiveCfg = Debug|Any CPU
		{F28887AD-6D90-44D0-9DAD-83571CA49539}.Release|Any CPU.ActiveCfg = Release|Any CPU
		{F28887AD-6D90-44D0-9DAD-83571CA49539}.Release|Any CPU.Build.0 = Release|Any CPU
		{F28887AD-6D90-44D0-9DAD-83571CA49539}.Release|Mixed Platforms.ActiveCfg = Release|Any CPU
		{F28887AD-6D90-44D0-9DAD-83571CA49539}.Release|Mixed Platforms.Build.0 = Release|Any CPU
		{F28887AD-6D90-44D0-9DAD-83571CA49539}.Release|x86.ActiveCfg = Release|Any CPU
		{583D60DF-0CBA-48AE-AF01-991D8217DAB9}.Debug|Any CPU.ActiveCfg = Debug|x86
		{583D60DF-0CBA-48AE-AF01-991D8217DAB9}.Debug|Mixed Platforms.ActiveCfg = Debug|x86
		{583D60DF-0CBA-48AE-AF01-991D8217DAB9}.Debug|Mixed Platforms.Build.0 = Debug|x86
		{583D60DF-0CBA-48AE-AF01-991D8217DAB9}.Debug|x86.ActiveCfg = Debug|x86
		{583D60DF-0CBA-48AE-AF01-991D8217DAB9}.Debug|x86.Build.0 = Debug|x86
		{583D60DF-0CBA-48AE-AF01-991D8217DAB9}.Release|Any CPU.ActiveCfg = Release|x86
		{583D60DF-0CBA-48AE-AF01-991D8217DAB9}.Release|Mixed Platforms.ActiveCfg = Release|x86
		{583D60DF-0CBA-48AE-AF01-991D8217DAB9}.Release|Mixed Platforms.Build.0 = Release|x86
		{583D60DF-0CBA-48AE-AF01-991D8217DAB9}.Release|x86.ActiveCfg = Release|x86
		{583D60DF-0CBA-48AE-AF01-991D8217DAB9}.Release|x86.Build.0 = Release|x86
		{68AEDCB6-A54D-4591-9787-0372ACCC0FA1}.Debug|Any CPU.ActiveCfg = Debug|Any CPU
		{68AEDCB6-A54D-4591-9787-0372ACCC0FA1}.Debug|Any CPU.Build.0 = Debug|Any CPU
		{68AEDCB6-A54D-4591-9787-0372ACCC0FA1}.Debug|Mixed Platforms.ActiveCfg = Debug|Any CPU
		{68AEDCB6-A54D-4591-9787-0372ACCC0FA1}.Debug|Mixed Platforms.Build.0 = Debug|Any CPU
		{68AEDCB6-A54D-4591-9787-0372ACCC0FA1}.Debug|x86.ActiveCfg = Debug|Any CPU
		{68AEDCB6-A54D-4591-9787-0372ACCC0FA1}.Release|Any CPU.ActiveCfg = Release|Any CPU
		{68AEDCB6-A54D-4591-9787-0372ACCC0FA1}.Release|Any CPU.Build.0 = Release|Any CPU
		{68AEDCB6-A54D-4591-9787-0372ACCC0FA1}.Release|Mixed Platforms.ActiveCfg = Release|Any CPU
		{68AEDCB6-A54D-4591-9787-0372ACCC0FA1}.Release|Mixed Platforms.Build.0 = Release|Any CPU
		{68AEDCB6-A54D-4591-9787-0372ACCC0FA1}.Release|x86.ActiveCfg = Release|Any CPU
		{BFDFA81D-B84D-4C5C-97D0-F62FE74B13C2}.Debug|Any CPU.ActiveCfg = Debug|Any CPU
		{BFDFA81D-B84D-4C5C-97D0-F62FE74B13C2}.Debug|Any CPU.Build.0 = Debug|Any CPU
		{BFDFA81D-B84D-4C5C-97D0-F62FE74B13C2}.Debug|Mixed Platforms.ActiveCfg = Debug|Any CPU
		{BFDFA81D-B84D-4C5C-97D0-F62FE74B13C2}.Debug|Mixed Platforms.Build.0 = Debug|Any CPU
		{BFDFA81D-B84D-4C5C-97D0-F62FE74B13C2}.Debug|x86.ActiveCfg = Debug|Any CPU
		{BFDFA81D-B84D-4C5C-97D0-F62FE74B13C2}.Release|Any CPU.ActiveCfg = Release|Any CPU
		{BFDFA81D-B84D-4C5C-97D0-F62FE74B13C2}.Release|Any CPU.Build.0 = Release|Any CPU
		{BFDFA81D-B84D-4C5C-97D0-F62FE74B13C2}.Release|Mixed Platforms.ActiveCfg = Release|Any CPU
		{BFDFA81D-B84D-4C5C-97D0-F62FE74B13C2}.Release|Mixed Platforms.Build.0 = Release|Any CPU
		{BFDFA81D-B84D-4C5C-97D0-F62FE74B13C2}.Release|x86.ActiveCfg = Release|Any CPU
		{F7052436-13B0-41EA-BB29-795A776B746E}.Debug|Any CPU.ActiveCfg = Debug|Any CPU
		{F7052436-13B0-41EA-BB29-795A776B746E}.Debug|Any CPU.Build.0 = Debug|Any CPU
		{F7052436-13B0-41EA-BB29-795A776B746E}.Debug|Mixed Platforms.ActiveCfg = Debug|Any CPU
		{F7052436-13B0-41EA-BB29-795A776B746E}.Debug|Mixed Platforms.Build.0 = Debug|Any CPU
		{F7052436-13B0-41EA-BB29-795A776B746E}.Debug|x86.ActiveCfg = Debug|Any CPU
		{F7052436-13B0-41EA-BB29-795A776B746E}.Release|Any CPU.ActiveCfg = Release|Any CPU
		{F7052436-13B0-41EA-BB29-795A776B746E}.Release|Any CPU.Build.0 = Release|Any CPU
		{F7052436-13B0-41EA-BB29-795A776B746E}.Release|Mixed Platforms.ActiveCfg = Release|Any CPU
		{F7052436-13B0-41EA-BB29-795A776B746E}.Release|Mixed Platforms.Build.0 = Release|Any CPU
		{F7052436-13B0-41EA-BB29-795A776B746E}.Release|x86.ActiveCfg = Release|Any CPU
		{FA6FF009-E5A8-4ACD-8DC2-6CAC58AC4ACA}.Debug|Any CPU.ActiveCfg = Debug|Any CPU
		{FA6FF009-E5A8-4ACD-8DC2-6CAC58AC4ACA}.Debug|Any CPU.Build.0 = Debug|Any CPU
		{FA6FF009-E5A8-4ACD-8DC2-6CAC58AC4ACA}.Debug|Mixed Platforms.ActiveCfg = Debug|Any CPU
		{FA6FF009-E5A8-4ACD-8DC2-6CAC58AC4ACA}.Debug|Mixed Platforms.Build.0 = Debug|Any CPU
		{FA6FF009-E5A8-4ACD-8DC2-6CAC58AC4ACA}.Debug|x86.ActiveCfg = Debug|Any CPU
		{FA6FF009-E5A8-4ACD-8DC2-6CAC58AC4ACA}.Release|Any CPU.ActiveCfg = Release|Any CPU
		{FA6FF009-E5A8-4ACD-8DC2-6CAC58AC4ACA}.Release|Any CPU.Build.0 = Release|Any CPU
		{FA6FF009-E5A8-4ACD-8DC2-6CAC58AC4ACA}.Release|Mixed Platforms.ActiveCfg = Release|Any CPU
		{FA6FF009-E5A8-4ACD-8DC2-6CAC58AC4ACA}.Release|Mixed Platforms.Build.0 = Release|Any CPU
		{FA6FF009-E5A8-4ACD-8DC2-6CAC58AC4ACA}.Release|x86.ActiveCfg = Release|Any CPU
		{BF7096F3-9BB0-4CE7-B211-94F6AC675758}.Debug|Any CPU.ActiveCfg = Debug|Any CPU
		{BF7096F3-9BB0-4CE7-B211-94F6AC675758}.Debug|Any CPU.Build.0 = Debug|Any CPU
		{BF7096F3-9BB0-4CE7-B211-94F6AC675758}.Debug|Mixed Platforms.ActiveCfg = Debug|Any CPU
		{BF7096F3-9BB0-4CE7-B211-94F6AC675758}.Debug|Mixed Platforms.Build.0 = Debug|Any CPU
		{BF7096F3-9BB0-4CE7-B211-94F6AC675758}.Debug|x86.ActiveCfg = Debug|Any CPU
		{BF7096F3-9BB0-4CE7-B211-94F6AC675758}.Release|Any CPU.ActiveCfg = Release|Any CPU
		{BF7096F3-9BB0-4CE7-B211-94F6AC675758}.Release|Any CPU.Build.0 = Release|Any CPU
		{BF7096F3-9BB0-4CE7-B211-94F6AC675758}.Release|Mixed Platforms.ActiveCfg = Release|Any CPU
		{BF7096F3-9BB0-4CE7-B211-94F6AC675758}.Release|Mixed Platforms.Build.0 = Release|Any CPU
		{BF7096F3-9BB0-4CE7-B211-94F6AC675758}.Release|x86.ActiveCfg = Release|Any CPU
		{C1801154-23B8-4D93-B797-5F3BD0B719B1}.Debug|Any CPU.ActiveCfg = Debug|Any CPU
		{C1801154-23B8-4D93-B797-5F3BD0B719B1}.Debug|Any CPU.Build.0 = Debug|Any CPU
		{C1801154-23B8-4D93-B797-5F3BD0B719B1}.Debug|Mixed Platforms.ActiveCfg = Debug|Any CPU
		{C1801154-23B8-4D93-B797-5F3BD0B719B1}.Debug|Mixed Platforms.Build.0 = Debug|Any CPU
		{C1801154-23B8-4D93-B797-5F3BD0B719B1}.Debug|x86.ActiveCfg = Debug|Any CPU
		{C1801154-23B8-4D93-B797-5F3BD0B719B1}.Release|Any CPU.ActiveCfg = Release|Any CPU
		{C1801154-23B8-4D93-B797-5F3BD0B719B1}.Release|Any CPU.Build.0 = Release|Any CPU
		{C1801154-23B8-4D93-B797-5F3BD0B719B1}.Release|Mixed Platforms.ActiveCfg = Release|Any CPU
		{C1801154-23B8-4D93-B797-5F3BD0B719B1}.Release|Mixed Platforms.Build.0 = Release|Any CPU
		{C1801154-23B8-4D93-B797-5F3BD0B719B1}.Release|x86.ActiveCfg = Release|Any CPU
		{985334C9-FAFD-4735-AC1A-57DB51777670}.Debug|Any CPU.ActiveCfg = Debug|Any CPU
		{985334C9-FAFD-4735-AC1A-57DB51777670}.Debug|Any CPU.Build.0 = Debug|Any CPU
		{985334C9-FAFD-4735-AC1A-57DB51777670}.Debug|Mixed Platforms.ActiveCfg = Debug|Any CPU
		{985334C9-FAFD-4735-AC1A-57DB51777670}.Debug|Mixed Platforms.Build.0 = Debug|Any CPU
		{985334C9-FAFD-4735-AC1A-57DB51777670}.Debug|x86.ActiveCfg = Debug|Any CPU
		{985334C9-FAFD-4735-AC1A-57DB51777670}.Release|Any CPU.ActiveCfg = Release|Any CPU
		{985334C9-FAFD-4735-AC1A-57DB51777670}.Release|Any CPU.Build.0 = Release|Any CPU
		{985334C9-FAFD-4735-AC1A-57DB51777670}.Release|Mixed Platforms.ActiveCfg = Release|Any CPU
		{985334C9-FAFD-4735-AC1A-57DB51777670}.Release|Mixed Platforms.Build.0 = Release|Any CPU
		{985334C9-FAFD-4735-AC1A-57DB51777670}.Release|x86.ActiveCfg = Release|Any CPU
		{5C76779D-2F46-4789-9C98-3B68A75DD720}.Debug|Any CPU.ActiveCfg = Debug|Any CPU
		{5C76779D-2F46-4789-9C98-3B68A75DD720}.Debug|Any CPU.Build.0 = Debug|Any CPU
		{5C76779D-2F46-4789-9C98-3B68A75DD720}.Debug|Mixed Platforms.ActiveCfg = Debug|Any CPU
		{5C76779D-2F46-4789-9C98-3B68A75DD720}.Debug|Mixed Platforms.Build.0 = Debug|Any CPU
		{5C76779D-2F46-4789-9C98-3B68A75DD720}.Debug|x86.ActiveCfg = Debug|Any CPU
		{5C76779D-2F46-4789-9C98-3B68A75DD720}.Release|Any CPU.ActiveCfg = Release|Any CPU
		{5C76779D-2F46-4789-9C98-3B68A75DD720}.Release|Any CPU.Build.0 = Release|Any CPU
		{5C76779D-2F46-4789-9C98-3B68A75DD720}.Release|Mixed Platforms.ActiveCfg = Release|Any CPU
		{5C76779D-2F46-4789-9C98-3B68A75DD720}.Release|Mixed Platforms.Build.0 = Release|Any CPU
		{5C76779D-2F46-4789-9C98-3B68A75DD720}.Release|x86.ActiveCfg = Release|Any CPU
		{7E99A634-E33D-4711-AE3E-2FCA4597B0D2}.Debug|Any CPU.ActiveCfg = Debug|Any CPU
		{7E99A634-E33D-4711-AE3E-2FCA4597B0D2}.Debug|Any CPU.Build.0 = Debug|Any CPU
		{7E99A634-E33D-4711-AE3E-2FCA4597B0D2}.Debug|Mixed Platforms.ActiveCfg = Debug|Any CPU
		{7E99A634-E33D-4711-AE3E-2FCA4597B0D2}.Debug|Mixed Platforms.Build.0 = Debug|Any CPU
		{7E99A634-E33D-4711-AE3E-2FCA4597B0D2}.Debug|x86.ActiveCfg = Debug|Any CPU
		{7E99A634-E33D-4711-AE3E-2FCA4597B0D2}.Release|Any CPU.ActiveCfg = Release|Any CPU
		{7E99A634-E33D-4711-AE3E-2FCA4597B0D2}.Release|Any CPU.Build.0 = Release|Any CPU
		{7E99A634-E33D-4711-AE3E-2FCA4597B0D2}.Release|Mixed Platforms.ActiveCfg = Release|Any CPU
		{7E99A634-E33D-4711-AE3E-2FCA4597B0D2}.Release|Mixed Platforms.Build.0 = Release|Any CPU
		{7E99A634-E33D-4711-AE3E-2FCA4597B0D2}.Release|x86.ActiveCfg = Release|Any CPU
	EndGlobalSection
	GlobalSection(SolutionProperties) = preSolution
		HideSolutionNode = FALSE
	EndGlobalSection
	GlobalSection(NestedProjects) = preSolution
		{0CC8CBCE-D85F-4B83-838C-196B7F35F0C4} = {266D1DA1-F5B1-42DA-BED9-67511923EDBF}
		{4056C900-BC4E-4E43-8CF4-3C774BFF7478} = {266D1DA1-F5B1-42DA-BED9-67511923EDBF}
		{CD582D2C-7AE0-4D4F-8A0B-0EB40A446AB7} = {0CC8CBCE-D85F-4B83-838C-196B7F35F0C4}
		{132BB8B1-1578-4FE8-8E8E-52CE06C464FE} = {0CC8CBCE-D85F-4B83-838C-196B7F35F0C4}
		{A76D2DB0-0AF7-4AEE-8EC8-77D44DBAE90A} = {0CC8CBCE-D85F-4B83-838C-196B7F35F0C4}
		{3BFF9CA5-483A-490A-A446-A8EA1D64FCC5} = {0CC8CBCE-D85F-4B83-838C-196B7F35F0C4}
		{F28887AD-6D90-44D0-9DAD-83571CA49539} = {0CC8CBCE-D85F-4B83-838C-196B7F35F0C4}
		{BFDFA81D-B84D-4C5C-97D0-F62FE74B13C2} = {0CC8CBCE-D85F-4B83-838C-196B7F35F0C4}
		{F7052436-13B0-41EA-BB29-795A776B746E} = {0CC8CBCE-D85F-4B83-838C-196B7F35F0C4}
		{5BCC7907-3BF7-4926-86E9-63B05C35E7E3} = {0CC8CBCE-D85F-4B83-838C-196B7F35F0C4}
		{5CCAE21F-639B-4367-B906-53C08A6835B5} = {5B57277A-2B13-4313-8BB6-FB0412A249E3}
		{68AEDCB6-A54D-4591-9787-0372ACCC0FA1} = {4056C900-BC4E-4E43-8CF4-3C774BFF7478}
		{B6CFA561-1D38-4B17-A654-7E8DDA4E30AB} = {4056C900-BC4E-4E43-8CF4-3C774BFF7478}
		{8DD4ABCD-BF2F-459C-8D12-01A89750E7F2} = {4056C900-BC4E-4E43-8CF4-3C774BFF7478}
		{BF7096F3-9BB0-4CE7-B211-94F6AC675758} = {4056C900-BC4E-4E43-8CF4-3C774BFF7478}
		{FA6FF009-E5A8-4ACD-8DC2-6CAC58AC4ACA} = {5F216708-4CDA-4C1A-AC45-DCF2FBD693A9}
		{5C76779D-2F46-4789-9C98-3B68A75DD720} = {5F216708-4CDA-4C1A-AC45-DCF2FBD693A9}
		{C1801154-23B8-4D93-B797-5F3BD0B719B1} = {5F216708-4CDA-4C1A-AC45-DCF2FBD693A9}
		{985334C9-FAFD-4735-AC1A-57DB51777670} = {5F216708-4CDA-4C1A-AC45-DCF2FBD693A9}
		{7E99A634-E33D-4711-AE3E-2FCA4597B0D2} = {5F216708-4CDA-4C1A-AC45-DCF2FBD693A9}
		{583D60DF-0CBA-48AE-AF01-991D8217DAB9} = {94BDD5FA-F20A-4656-9950-460A98BDB210}
	EndGlobalSection
EndGlobal
